version = 1
revision = 3
requires-python = ">=3.14"

[options]
exclude-newer = "0001-01-01T00:00:00Z" # This has no effect and is included for backwards compatibility when using relative exclude-newer values.
exclude-newer-span = "P11D"

[[package]]
name = "boatstuff"
version = "0.1.0"
source = { editable = "." }
dependencies = [
    { name = "loguru" },
    { name = "numbers-parser" },
    { name = "python-snappy" },
]

[package.metadata]
requires-dist = [
    { name = "loguru", specifier = ">=0.7.3" },
    { name = "numbers-parser", specifier = ">=4.19.0" },
    { name = "python-snappy", specifier = ">=0.7.3" },
]

[[package]]
name = "colorama"
version = "0.4.6"
source = { registry = "https://pypi.org/simple" }
sdist = { url = "https://files.pythonhosted.org/packages/d8/53/6f443c9a4a8358a93a6792e2acffb9d9d5cb0a5cfd8802644b7b1c9a02e4/colorama-0.4.6.tar.gz", hash = "sha256:08695f5cb7ed6e0531a20572697297273c47b8cae5a63ffc6d6ed5c201be6e44", size = 27697, upload-time = "2022-10-25T02:36:22.414Z" }
wheels = [
    { url = "https://files.pythonhosted.org/packages/d1/d6/3965ed04c63042e047cb6a3e6ed1a63a35087b6a609aa3a15ed8ac56c221/colorama-0.4.6-py2.py3-none-any.whl", hash = "sha256:4f1d9991f5acc0ca119f9d443620b77f9d6b33703e51011c16baf57afb285fc6", size = 25335, upload-time = "2022-10-25T02:36:20.889Z" },
]

[[package]]
name = "compact-json"
version = "1.8.2"
source = { registry = "https://pypi.org/simple" }
dependencies = [
    { name = "importlib-resources" },
    { name = "setuptools" },
    { name = "wcwidth" },
]
sdist = { url = "https://files.pythonhosted.org/packages/48/2f/f618cff3aa844ad64660931388e993a3c20d6f30b67fbb436b6af3aff182/compact_json-1.8.2.tar.gz", hash = "sha256:dc200148695be04b91ac45cd3cda531aa017fb25609b66b9961a008db25eae77", size = 17821, upload-time = "2025-12-26T13:48:59.041Z" }
wheels = [
    { url = "https://files.pythonhosted.org/packages/4a/40/3f88e56029542a13d8b46f464780255d9fe789923cea19698ca383124e0f/compact_json-1.8.2-py3-none-any.whl", hash = "sha256:b894ab1519e6fe7813351fa96962449f821051b8b5178c609bdda2eabd07abb0", size = 17047, upload-time = "2025-12-26T13:48:57.698Z" },
]

[[package]]
name = "cramjam"
version = "2.12.1"
source = { registry = "https://pypi.org/simple" }
sdist = { url = "https://files.pythonhosted.org/packages/2d/5f/e0fe688743fbd2b24e8662d276ae42ad1a2ea78d08850df8d706cce5013d/cramjam-2.12.1.tar.gz", hash = "sha256:75187b77a84b1f457f9555604775b70d04102af312224d03c873da59011bba31", size = 89977, upload-time = "2026-08-25T13:14:35.686Z" }
wheels = [
    { url = "https://files.pythonhosted.org/packages/55/93/6db3ae5ebb3a66fcc7577244a28d1c68daeef64a1b773ee8cb8d3f3079ef/cramjam-2.12.1-cp314-cp314-macosx_10_12_x86_64.macosx_11_0_arm64.macosx_10_12_universal2.whl", hash = "sha256:5415696bcd0dfa516468fb713e7b1d05f7ded2bb75499b0e591687add4612c0f", size = 3651522, upload-time = "2026-08-25T13:12:49.778Z" },
    { url = "https://files.pythonhosted.org/packages/86/a3/dcb7a2dc384dbc1211624560a58687a7d8f4dcfcf8eebd1ac34a09963133/cramjam-2.12.1-cp314-cp314-macosx_10_12_x86_64.whl", hash = "sha256:eb686cbca9d319d9abef488e45286c5e616189ed895859f1f0f04c01f541a418", size = 1920408, upload-time = "2026-08-25T13:12:51.644Z" },
    { url = "https://files.pythonhosted.org/packages/4a/6c/4bbca085d4dd0612e002944c10bec780e8c26354dfbd554c0eaac6b7c4f6/cramjam-2.12.1-cp314-cp314-macosx_11_0_arm64.whl", hash = "sha256:599b7bbfe4103fa748e5cee63633ccdddca6cc01f2638f65386b4ac6c6344dc6", size = 1749000, upload-time = "2026-08-25T13:12:53.027Z" },
    { url = "https://files.pythonhosted.org/packages/25/51/c7d08bceff3858d77717a237056896c1f809bd5f1e6cd00823445760d3db/cramjam-2.12.1-cp314-cp314-manylinux_2_12_i686.manylinux2010_i686.whl", hash = "sha256:054ee4a23680acca4419e3303e79b41278d9dbe187f833c98ffc66cc24f10a05", size = 2062543, upload-time = "2026-08-25T13:12:54.32Z" },
    { url = "https://files.pythonhosted.org/packages/cf/e9/3ad7468043c39f939e5c52a5c3d7abd951d9be29a37fe27f9b553c26aca8/cramjam-2.12.1-cp314-cp314-manylinux_2_17_aarch64.manylinux2014_aarch64.whl", hash = "sha256:2e681c732d0370982f88695895f37be5a3f3a89475083a0f431bc1ce859b7396", size = 1862183, upload-time = "2026-08-25T13:12:55.783Z" },
    { url = "https://files.pythonhosted.org/packages/2a/6a/9ed7de0ef75875f31eac29de4e3fa7c928ee9d30ca60b6ffbf3ef59e8f87/cramjam-2.12.1-cp314-cp314-manylinux_2_17_armv7l.manylinux2014_armv7l.whl", hash = "sha256:e4ff19b7a43b81d93966b961dbc69782ea84f4d6501cd2f9b6d0e662b3d64c2a", size = 1904332, upload-time = "2026-08-25T13:12:57.196Z" },
    { url = "https://files.pythonhosted.org/packages/a7/91/f514ac6361f1d34b79bcbda13005a02bbea77fb9b77bc834537a181097f3/cramjam-2.12.1-cp314-cp314-manylinux_2_17_ppc64le.manylinux2014_ppc64le.whl", hash = "sha256:1ff538a7792f79d1332f592e044f779dbbc1398a09769821791e4f287c3c3075", size = 2090593, upload-time = "2026-08-25T13:12:58.534Z" },
    { url = "https://files.pythonhosted.org/packages/ef/fb/67e78a59c32cb3baf1ff1cf072a450f765e3590e05bdc0949e1da6894ed6/cramjam-2.12.1-cp314-cp314-manylinux_2_17_s390x.manylinux2014_s390x.whl", hash = "sha256:abdf50e656c67552a05d946990aeeb3ec4ece30ad7697f8f9e5290b2abb6eb25", size = 2070399, upload-time = "2026-08-25T13:13:00.014Z" },
    { url = "https://files.pythonhosted.org/packages/94/64/a6095731b29384b6f62e8b9ca77a55db61d42e210249025be4a0311d0e48/cramjam-2.12.1-cp314-cp314-manylinux_2_17_x86_64.manylinux2014_x86_64.whl", hash = "sha256:bd2c74cf81bda2a13f1c77245a5b24987505e292731adb3c6b1d945cd9006981", size = 2034799, upload-time = "2026-08-25T13:13:01.403Z" },
    { url = "https://files.pythonhosted.org/packages/c7/8c/db015c6b13ce2ce8a20cf2ce90847d9951967ba7663e6a90f9402ce0b212/cramjam-2.12.1-cp314-cp314-musllinux_1_1_aarch64.whl", hash = "sha256:b14588df54bcbc92da4f85bb3eba966f8128ad2dc2804775b5ebc1a65aab44ca", size = 2134233, upload-time = "2026-08-25T13:13:02.989Z" },
    { url = "https://files.pythonhosted.org/packages/20/fe/16d0c93e750c3dce97d79993ffc99e88760e32272cd2164ee3f4142b80cf/cramjam-2.12.1-cp314-cp314-musllinux_1_1_armv7l.whl", hash = "sha256:e4bbf559b68390a545ce573c89f7de9b99ef69fc7e754f7c265774e26ff95a8e", size = 2212460, upload-time = "2026-08-25T13:13:04.341Z" },
    { url = "https://files.pythonhosted.org/packages/0e/ce/5dae498fff3d84a877b7a0c1dadd5fede9118feff07fc149cfe45dd36dc9/cramjam-2.12.1-cp314-cp314-musllinux_1_1_i686.whl", hash = "sha256:62ec7747b142edf7d66c9d6be7f074cbd586d3a377aa26e675f5f1d99fba9ce5", size = 2247498, upload-time = "2026-08-25T13:13:05.731Z" },
    { url = "https://files.pythonhosted.org/packages/df/e7/069749c9401e7be2e0c865900974207743e1a0317887cd5fdca6d24790bf/cramjam-2.12.1-cp314-cp314-musllinux_1_1_x86_64.whl", hash = "sha256:60a8cf168e1ca1088a31392fb4f59cba8b41a5b707cc9f30d551259776c86c74", size = 2265124, upload-time = "2026-08-25T13:13:07.556Z" },
    { url = "https://files.pythonhosted.org/packages/ac/b7/ce6fac43db34acdacf5402bb4748872b917a9267ee4f4c374ff75a6df1fb/cramjam-2.12.1-cp314-cp314-win32.whl", hash = "sha256:bbc71437302a2cb025704c80ef721c26d27cc37f0b37fcb2ee70fd456f05f1fd", size = 1646287, upload-time = "2026-08-25T13:13:08.947Z" },
    { url = "https://files.pythonhosted.org/packages/9e/2d/04c962ad79ee526018321d73f1b47601688c4f8f4065cbbd17838d42612a/cramjam-2.12.1-cp314-cp314-win_amd64.whl", hash = "sha256:becebcd0107bce9771b4fbdaf2630020aea2eeacf2263ee5f47559c5248ad8f1", size = 1772417, upload-time = "2026-08-25T13:13:10.333Z" },
    { url = "https://files.pythonhosted.org/packages/5f/3a/7f69ca75b1bc1c540076e8d3102a46d0846adc360e492df3f9d951a80eb1/cramjam-2.12.1-cp314-cp314-win_arm64.whl", hash = "sha256:b007d8fe7ee73b72c937dbafcc1dc9de244ad04c94333f4c7dfa208c6388f669", size = 1671709, upload-time = "2026-08-25T13:13:11.796Z" },
    { url = "https://files.pythonhosted.org/packages/36/a7/41b43697fb81d6fab24cc432fd083ec53a75fc93d6a225bc925b2fcb9fa6/cramjam-2.12.1-cp314-cp314t-macosx_10_12_x86_64.macosx_11_0_arm64.macosx_10_12_universal2.whl", hash = "sha256:09ba4e60d8d7b18858966552bd5f8ea16425be634ffd31ed3b087cc17be32aff", size = 3650939, upload-time = "2026-08-25T13:13:13.238Z" },
    { url = "https://files.pythonhosted.org/packages/36/9c/d0157366c2794f6951aeb0c582ec7ca152f9f19a1041ff8cd5a7e70cde31/cramjam-2.12.1-cp314-cp314t-macosx_10_12_x86_64.whl", hash = "sha256:4b5ead26851dda08b395e670a9c040d02eddbf2cc8953e23f9d60f4ac46df336", size = 1922347, upload-time = "2026-08-25T13:13:14.864Z" },
    { url = "https://files.pythonhosted.org/packages/6c/b0/baedb35f9868c02ceea29cf224e714522ca852375c7d19d4a20ae7094eb4/cramjam-2.12.1-cp314-cp314t-macosx_11_0_arm64.whl", hash = "sha256:babc29b143bb6ba35d2e485352feee006318c8c24292998e742c2d3bbe7b00a2", size = 1746462, upload-time = "2026-08-25T13:13:16.637Z" },
    { url = "https://files.pythonhosted.org/packages/52/9c/8c0e719a2ba5f492f301d0ca3d61f567796dae327f23c95d8086a690a90a/cramjam-2.12.1-cp314-cp314t-manylinux_2_12_i686.manylinux2010_i686.whl", hash = "sha256:6ef52f454e8895bea898233a497a3c2185a2682c9da4c799589e4509b7484fbc", size = 2062914, upload-time = "2026-08-25T13:13:18.09Z" },
    { url = "https://files.pythonhosted.org/packages/72/6a/1c37de33857baf7d28493d54bc7ad8babe6834882773d282cebe5f7f87e2/cramjam-2.12.1-cp314-cp314t-manylinux_2_17_aarch64.manylinux2014_aarch64.whl", hash = "sha256:5f44d68af44b21c023e9911d01a9a42ce03d3a8fb1c5317586643aad6c9147cf", size = 1860853, upload-time = "2026-08-25T13:13:19.616Z" },
    { url = "https://files.pythonhosted.org/packages/d2/3a/31aa3b9799a0da35dac368c0e0ef2e9130527a941f82703078534c0dd812/cramjam-2.12.1-cp314-cp314t-manylinux_2_17_armv7l.manylinux2014_armv7l.whl", hash = "sha256:00a25d19ce07fd1b61c6bd0baa37075d28a04189c7f3788ae57d0e04a4a53106", size = 1901547, upload-time = "2026-08-25T13:13:21.061Z" },
    { url = "https://files.pythonhosted.org/packages/7b/4e/a336ca5d938011e2c9ce4caa98e1b29fafa419ed98cec4550ae76f671129/cramjam-2.12.1-cp314-cp314t-manylinux_2_17_ppc64le.manylinux2014_ppc64le.whl", hash = "sha256:947398b58ae69fe454a71e4e97aff1eab322b3a5c4576a9736439f22a38d39b4", size = 2091697, upload-time = "2026-08-25T13:13:22.526Z" },
    { url = "https://files.pythonhosted.org/packages/aa/76/e5d1a220a8d32b26c9be3fa39a56ffb932f7214dc39a6a7f1f00407b16c2/cramjam-2.12.1-cp314-cp314t-manylinux_2_17_s390x.manylinux2014_s390x.whl", hash = "sha256:84756b4f9a1c30d360d7845f4de25c969918f45349ac1423da9341e17ee18143", size = 2077296, upload-time = "2026-08-25T13:13:24.193Z" },
    { url = "https://files.pythonhosted.org/packages/65/d1/c56c3dd7f1b6df13a74757d021f43e2849a37b074e36bff2a765e6b407fa/cramjam-2.12.1-cp314-cp314t-manylinux_2_17_x86_64.manylinux2014_x86_64.whl", hash = "sha256:28efcc63ade34a177d8a60cab6f1b3a69424bfbc9583f96f65a9aa1f464e5cbb", size = 2034318, upload-time = "2026-08-25T13:13:25.758Z" },
    { url = "https://files.pythonhosted.org/packages/7e/3e/d21731184bc18cbf7c8b6fda3c362172056919bdc83b6e503a2650d41a37/cramjam-2.12.1-cp314-cp314t-musllinux_1_1_aarch64.whl", hash = "sha256:a9d1c23fe785aa0f64948d55cb661a29b8e5d5d9b436c69c128c98d9ced7677d", size = 2132581, upload-time = "2026-08-25T13:13:27.414Z" },
    { url = "https://files.pythonhosted.org/packages/29/1e/0d73c8e35fc83a0903194875eca2e5b3c286b03df220e45fa2a005f0f27c/cramjam-2.12.1-cp314-cp314t-musllinux_1_1_armv7l.whl", hash = "sha256:92e2a6745e269daaacd02aeae32179e947d6a9ba8f1fa3d5262ee7bd93460165", size = 2210036, upload-time = "2026-08-25T13:13:29.334Z" },
    { url = "https://files.pythonhosted.org/packages/aa/9d/d50a68edbd7fc61ddfdded1347523b6ab4c482964628804685017117e816/cramjam-2.12.1-cp314-cp314t-musllinux_1_1_i686.whl", hash = "sha256:6e2a0e00123ac380db2d7394d6c0f5b22339ca20f2648810a72586d48a6bd46a", size = 2250764, upload-time = "2026-08-25T13:13:30.727Z" },
    { url = "https://files.pythonhosted.org/packages/44/46/ecefb104a48a6fa4e1af94cd528aa7e89972cf7f067516d9daf1f3ea1eef/cramjam-2.12.1-cp314-cp314t-musllinux_1_1_x86_64.whl", hash = "sha256:a62be7c3dd446f6f6eb28bdf161abd0b0c7b16bca8500f7811343226706daff4", size = 2266219, upload-time = "2026-08-25T13:13:32.252Z" },
    { url = "https://files.pythonhosted.org/packages/43/be/ff27ffc889bcf3b7f51b2395d23a1d8244b3a8e96393d12c6d69e770ff99/cramjam-2.12.1-cp314-cp314t-win32.whl", hash = "sha256:377ca108d47cca68c99517a4e3f194c2f3d791f99950c44646b1a96a1a4b83e8", size = 1645890, upload-time = "2026-08-25T13:13:33.611Z" },
    { url = "https://files.pythonhosted.org/packages/68/3d/fcea1b960fa4db816592ed15312a5f7e2bca809f8be6fb10af714ef19ac7/cramjam-2.12.1-cp314-cp314t-win_amd64.whl", hash = "sha256:60327eb3cc88603aa734f0b42e7567fdb26659a2348847a832c9cac6eccfcf4d", size = 1769389, upload-time = "2026-08-25T13:13:35.143Z" },
    { url = "https://files.pythonhosted.org/packages/b3/f2/09269002b754f8ef810046d80d92ef277109186efff42f085af8e3761151/cramjam-2.12.1-cp314-cp314t-win_arm64.whl", hash = "sha256:ee0320d563f6e6b94965f32abe321b62354072b12736c49b7eb0ab398a80878e", size = 1670730, upload-time = "2026-08-25T13:13:36.626Z" },
    { url = "https://files.pythonhosted.org/packages/21/7a/b04982dcde29f19c34d6225e3ad16e46aeaf3f7e786663f5f870e0f4513b/cramjam-2.12.1-cp315-cp315-macosx_10_12_x86_64.macosx_11_0_arm64.macosx_10_12_universal2.whl", hash = "sha256:343fba082fa90b97f46d37430cbdef8954388e8df9754221193f70707cab7b98", size = 3652470, upload-time = "2026-08-25T13:13:37.953Z" },
    { url = "https://files.pythonhosted.org/packages/f9/73/c6f194f5a8ff834622dad684e8a855a820283eb3aad179b7feac9384e2e6/cramjam-2.12.1-cp315-cp315-macosx_10_12_x86_64.whl", hash = "sha256:8165ccc5eb262f75313290943c70727c3dd008feb63281dc904b84bc8db719c1", size = 1920836, upload-time = "2026-08-25T13:13:39.379Z" },
    { url = "https://files.pythonhosted.org/packages/18/b7/291699570d7edabe0915df15ca12098b49cc76c00686add57cf387c708c3/cramjam-2.12.1-cp315-cp315-macosx_11_0_arm64.whl", hash = "sha256:a2e8825e1e6c4d5b62bf3b230a7791524ad5298edd7f356747f30d39ebee773e", size = 1749557, upload-time = "2026-08-25T13:13:40.788Z" },
    { url = "https://files.pythonhosted.org/packages/1b/63/70e90ac644aa9d0ea2c0ee7a46dbaecdf1193d672e6079f6037916576a23/cramjam-2.12.1-cp315-cp315-manylinux_2_12_i686.manylinux2010_i686.whl", hash = "sha256:140e6427ba2fc57bb03b9b60b8e306217490328868320a49b94c7edda5e647f3", size = 2063175, upload-time = "2026-08-25T13:13:42.258Z" },
    { url = "https://files.pythonhosted.org/packages/75/d0/e6ba128554cad2640ff003d5ae9ff753463b2d0203918aa96b47a0bf4539/cramjam-2.12.1-cp315-cp315-manylinux_2_17_aarch64.manylinux2014_aarch64.whl", hash = "sha256:bed5a14340fa65de61f60d92617e9431b361f2cb82e655520029e0bd7a03d68b", size = 1862902, upload-time = "2026-08-25T13:13:43.727Z" },
    { url = "https://files.pythonhosted.org/packages/1f/8b/7487db057a79ffd4d41aade709c3d6464a899939e24a82b31285d6fb2ab7/cramjam-2.12.1-cp315-cp315-manylinux_2_17_armv7l.manylinux2014_armv7l.whl", hash = "sha256:2f7e8960f8abc9c908a72690f17c16c214a63bba0f5e81b9f0d937b7ec191f18", size = 1905371, upload-time = "2026-08-25T13:13:45.211Z" },
    { url = "https://files.pythonhosted.org/packages/3b/0f/b50cae86597481f99600f390a399a0d7ccf6cf4cf2ff50f56cc114424c2a/cramjam-2.12.1-cp315-cp315-manylinux_2_17_ppc64le.manylinux2014_ppc64le.whl", hash = "sha256:598c4c37fe01c4f49e6faec1eb1a07bbe07b1ef552b2e5d3551835396b77f8a4", size = 2091289, upload-time = "2026-08-25T13:13:46.692Z" },
    { url = "https://files.pythonhosted.org/packages/35/2a/9a83339ccf2fa1318ff6c78599c8fa671765f80d2e939ff89b9c28edf998/cramjam-2.12.1-cp315-cp315-manylinux_2_17_s390x.manylinux2014_s390x.whl", hash = "sha256:8437daf3e46579f491308c8aa14757654c2e3e167b727ec1292fbd5e32119dda", size = 2071179, upload-time = "2026-08-25T13:13:48.131Z" },
    { url = "https://files.pythonhosted.org/packages/ea/50/7e85568ef567964d5ca565a2ce0203977b7093fd8ce203e94b73878e29c3/cramjam-2.12.1-cp315-cp315-manylinux_2_17_x86_64.manylinux2014_x86_64.whl", hash = "sha256:9fbe33b8db9231f33162d75ce410e83f46ae958b7d450c1c38dc67d9c595a6f3", size = 2035693, upload-time = "2026-08-25T13:13:49.843Z" },
    { url = "https://files.pythonhosted.org/packages/42/38/3a2a6e3e8c3528258d339d62bb1c25af57d9ce11477308227a675ef37df1/cramjam-2.12.1-cp315-cp315-musllinux_1_1_aarch64.whl", hash = "sha256:f833a121f11380ad6f6970336b28e0e72fb5cd1219f71d5adefbc0d09cdd75bc", size = 2134938, upload-time = "2026-08-25T13:13:51.427Z" },
    { url = "https://files.pythonhosted.org/packages/cf/1d/8e615ab7f66352170584ca8ed5b401f2377fd0f484363318eb88a7da739f/cramjam-2.12.1-cp315-cp315-musllinux_1_1_armv7l.whl", hash = "sha256:8ddda5576d75095eac4066d1847a9f9904800cdf224dfea8a6e420e60661ee32", size = 2213246, upload-time = "2026-08-25T13:13:52.829Z" },
    { url = "https://files.pythonhosted.org/packages/77/30/bb761d693c9c48d46ed8ad7d07d32fdc3b6dc8ad5abce9ba84b523d9c41f/cramjam-2.12.1-cp315-cp315-musllinux_1_1_i686.whl", hash = "sha256:bc7d657e59500a54ef28e392ecc8a078aef704a8336eb6065a467ea15eecc779", size = 2248654, upload-time = "2026-08-25T13:13:54.339Z" },
    { url = "https://files.pythonhosted.org/packages/c8/ee/f50e53d8d4a5c894481987c13a445a9dc1f5c77b67e121b5a5a4e5c30d77/cramjam-2.12.1-cp315-cp315-musllinux_1_1_x86_64.whl", hash = "sha256:7d87d950b2ec18569b41da81b2f9f69f48479a80a9277e291d7666c7bfb427f0", size = 2266081, upload-time = "2026-08-25T13:13:56.106Z" },
    { url = "https://files.pythonhosted.org/packages/90/4c/38105e580e3c8d1dc4a0715fe06165935f6377bc91aed0a85719c26febf0/cramjam-2.12.1-cp315-cp315-win32.whl", hash = "sha256:d54e58f18148b5ac4386c77a9aa891351903ada3814a87d476583d9d0f9228bb", size = 1647028, upload-time = "2026-08-25T13:13:57.53Z" },
    { url = "https://files.pythonhosted.org/packages/49/c0/3ea7a72c33cde0e530734ca6ea649a9767c365808958ca9e27df92304cfc/cramjam-2.12.1-cp315-cp315-win_amd64.whl", hash = "sha256:ec0444e1f198eba41ce69d0e75cf18042c38f348b9ca741d263e60793a4f3cbf", size = 1773389, upload-time = "2026-08-25T13:13:58.977Z" },
    { url = "https://files.pythonhosted.org/packages/18/2a/51f3c602687f8512af845b8097c2be856eadea6a914b2ec4592733f8eea6/cramjam-2.12.1-cp315-cp315-win_arm64.whl", hash = "sha256:4ad150da01eda998bae9e42020e2906bc9af97d08d905d29252f930c0472d059", size = 1672301, upload-time = "2026-08-25T13:14:00.315Z" },
    { url = "https://files.pythonhosted.org/packages/83/6a/8975e53a1ae7b188e000e4b38c462a92d0e5b5cacbe7e1e4357ca0f88180/cramjam-2.12.1-cp315-cp315t-macosx_10_12_x86_64.macosx_11_0_arm64.macosx_10_12_universal2.whl", hash = "sha256:f8b1fa9526a3e2de5422b9775fa4e98a7abb703e5f38d408540a52195c479eb5", size = 3651900, upload-time = "2026-08-25T13:14:01.804Z" },
    { url = "https://files.pythonhosted.org/packages/f5/8d/25eb1c523faaaf97f4019c9c0ac70cf3933611cf55bbdf554d96537d2d80/cramjam-2.12.1-cp315-cp315t-macosx_10_12_x86_64.whl", hash = "sha256:b14c95b38cefdcaa86c9234e926e316fe12f2aae86bcf6d91ad0acb771be7dd1", size = 1922808, upload-time = "2026-08-25T13:14:03.617Z" },
    { url = "https://files.pythonhosted.org/packages/8f/05/11e01809e218e2563b3417e8020ed53960cba4d5cdbb1559e4d5c2ea74bd/cramjam-2.12.1-cp315-cp315t-macosx_11_0_arm64.whl", hash = "sha256:2070ab4e49a0e55593cf4e92f94a9c276913e0d987af4ceb153a090861566333", size = 1747000, upload-time = "2026-08-25T13:14:05.127Z" },
    { url = "https://files.pythonhosted.org/packages/e5/ca/ada4e602fa2951192b987bdf5244abad1db2f724e173880722fdf28d26cd/cramjam-2.12.1-cp315-cp315t-manylinux_2_12_i686.manylinux2010_i686.whl", hash = "sha256:1a04c8fd5530cece11f7f6562a7b6646201a6cd2d334daf99b1be1ab2a32f0a7", size = 2063557, upload-time = "2026-08-25T13:14:06.637Z" },
    { url = "https://files.pythonhosted.org/packages/36/cf/1b2b675bf3ede671519c292e1dba551025278f5623916f90cc78cd3d0cc7/cramjam-2.12.1-cp315-cp315t-manylinux_2_17_aarch64.manylinux2014_aarch64.whl", hash = "sha256:6f9a90eee999853205a8c724c479e6dec3806529a44dc8a4c4dbc94ac5ccdc23", size = 1861399, upload-time = "2026-08-25T13:14:08.029Z" },
    { url = "https://files.pythonhosted.org/packages/10/0d/46220ebf82b587da6851463598b7b8efedf7fbc7dbda722a86d72c7afa18/cramjam-2.12.1-cp315-cp315t-manylinux_2_17_armv7l.manylinux2014_armv7l.whl", hash = "sha256:348e2bba38fa475852de524793bb5fb899cfee22c7999291eb8faf79f79c9b37", size = 1902740, upload-time = "2026-08-25T13:14:09.44Z" },
    { url = "https://files.pythonhosted.org/packages/c9/b5/f318995b4cfb0a510e2e73c4e950c2e44b1ff24e664cc56198b8a0d05b42/cramjam-2.12.1-cp315-cp315t-manylinux_2_17_ppc64le.manylinux2014_ppc64le.whl", hash = "sha256:c6560234b5eee2eda62329a25d7a28ac612b1a2de5b8f5d4eed3f06223d56354", size = 2092398, upload-time = "2026-08-25T13:14:11.122Z" },
    { url = "https://files.pythonhosted.org/packages/ab/cc/73e164abd8319bc46d48e122069478895e150467e5caa22f0b97d9971316/cramjam-2.12.1-cp315-cp315t-manylinux_2_17_s390x.manylinux2014_s390x.whl", hash = "sha256:b38c275f30969fdb5e874f694af278b5996396912c9ed0330632e81807377d02", size = 2077983, upload-time = "2026-08-25T13:14:12.642Z" },
    { url = "https://files.pythonhosted.org/packages/5c/34/430ad5bdac65ca58e76c634de8abf5f3354849969b286c96079a86be4ee5/cramjam-2.12.1-cp315-cp315t-manylinux_2_17_x86_64.manylinux2014_x86_64.whl", hash = "sha256:783c99558ec28169238628f978f92dafced2880d5d7f6ba0c39a915bc73ae004", size = 2035036, upload-time = "2026-08-25T13:14:14.117Z" },
    { url = "https://files.pythonhosted.org/packages/5b/2d/344d3f1369fba0a1fd3f159dce9583dd39b446e7d9bb3464696b23b58249/cramjam-2.12.1-cp315-cp315t-musllinux_1_1_aarch64.whl", hash = "sha256:d4c3e3d7241f317957e03c4b915f90dbbbfa7570a87bffa8634138755d12b4db", size = 2133354, upload-time = "2026-08-25T13:14:15.606Z" },
    { url = "https://files.pythonhosted.org/packages/fd/99/4089909fd96d30f59549909a1292d01767f1cfba495babfc1674b6cf8b73/cramjam-2.12.1-cp315-cp315t-musllinux_1_1_armv7l.whl", hash = "sha256:0166c41fa7d2f983cb4a5ecc324c48642bb6b60aa6a8651ad08a17e3f9189049", size = 2210906, upload-time = "2026-08-25T13:14:16.958Z" },
    { url = "https://files.pythonhosted.org/packages/6e/7d/54aee20c4c895381540295734df667835a717919361d166e88818baf64e2/cramjam-2.12.1-cp315-cp315t-musllinux_1_1_i686.whl", hash = "sha256:85fbb6e2ad6d5cab797dd2f017c221291d37b7db034ca34979c80aaddf9f26cf", size = 2251391, upload-time = "2026-08-25T13:14:18.555Z" },
    { url = "https://files.pythonhosted.org/packages/75/8c/f7b7db4e14b8f0a171ee2c20334a4de299075b0e949d3855a8d9d7094616/cramjam-2.12.1-cp315-cp315t-musllinux_1_1_x86_64.whl", hash = "sha256:a84aec18381c50d7146053f6ccf755692a0e38c0ba6dc235fec69eb58768b0ec", size = 2266876, upload-time = "2026-08-25T13:14:20.006Z" },
    { url = "https://files.pythonhosted.org/packages/b0/67/54db7968198f5bd6be1158589bdbced03699f27bb403a275d332c6424a35/cramjam-2.12.1-cp315-cp315t-win32.whl", hash = "sha256:f7609bd99095ca3a660c8b2061c45daab6ac1f1b277afb3dce5aeef20e9295db", size = 1646654, upload-time = "2026-08-25T13:14:21.512Z" },
    { url = "https://files.pythonhosted.org/packages/88/d5/627d63355bd839c56329e1926ac3e87dd6358847c9a441d45afd39c36c95/cramjam-2.12.1-cp315-cp315t-win_amd64.whl", hash = "sha256:7f41d1ecd2ced56c8bbef126de7b435261acb234ac7a5c3878869e20cbdf1615", size = 1769663, upload-time = "2026-08-25T13:14:23.016Z" },
    { url = "https://files.pythonhosted.org/packages/ff/74/2c3b3defe4ca8e165ae736b38e7d39e02615093d6d147a83674b80219cd9/cramjam-2.12.1-cp315-cp315t-win_arm64.whl", hash = "sha256:7191d2863edbb088ab5a0daad59ba0db279eccc53fe637ec071cf9a7b65927c3", size = 1671436, upload-time = "2026-08-25T13:14:24.743Z" },
]

[[package]]
name = "enum-tools"
version = "0.13.0"
source = { registry = "https://pypi.org/simple" }
dependencies = [
    { name = "pygments" },
    { name = "typing-extensions" },
]
sdist = { url = "https://files.pythonhosted.org/packages/6d/87/50091e20c2765aa495b24521844a7d8f7041d48e4f9b47dd928cd38c8606/enum_tools-0.13.0.tar.gz", hash = "sha256:0d13335e361d300dc0f8fd82c8cf9951417246f9676144f5ee1761eb690228eb", size = 18904, upload-time = "2025-04-17T15:26:59.412Z" }
wheels = [
    { url = "https://files.pythonhosted.org/packages/84/45/cf8a8df3ebe78db691ab54525d552085b67658877f0334f4b0c08c43b518/enum_tools-0.13.0-py3-none-any.whl", hash = "sha256:e0112b16767dd08cb94105844b52770eae67ece6f026916a06db4a3d330d2a95", size = 22366, upload-time = "2025-04-17T15:26:58.34Z" },
]

[[package]]
name = "importlib-resources"
version = "7.1.0"
source = { registry = "https://pypi.org/simple" }
sdist = { url = "https://files.pythonhosted.org/packages/e4/06/b56dfa750b44e86157093bc8fca0ab81dccbf5260510de4eaf1cb69b5b99/importlib_resources-7.1.0.tar.gz", hash = "sha256:0722d4c6212489c530f2a145a34c0a7a3b4721bc96a15fada5930e2a0b760708", size = 44985, upload-time = "2026-04-12T16:36:09.232Z" }
wheels = [
    { url = "https://files.pythonhosted.org/packages/8a/db/55a262f3606bebcae07cc14095338471ad7c0bbcaa37707e6f0ee49725b7/importlib_resources-7.1.0-py3-none-any.whl", hash = "sha256:1bd7b48b4088eddb2cd16382150bb515af0bd2c70128194392725f82ad2c96a1", size = 37232, upload-time = "2026-04-12T16:36:08.219Z" },
]

[[package]]
name = "loguru"
version = "0.7.3"
source = { registry = "https://pypi.org/simple" }
dependencies = [
    { name = "colorama", marker = "sys_platform == 'win32'" },
    { name = "win32-setctime", marker = "sys_platform == 'win32'" },
]
sdist = { url = "https://files.pythonhosted.org/packages/3a/05/a1dae3dffd1116099471c643b8924f5aa6524411dc6c63fdae648c4f1aca/loguru-0.7.3.tar.gz", hash = "sha256:19480589e77d47b8d85b2c827ad95d49bf31b0dcde16593892eb51dd18706eb6", size = 63559, upload-time = "2024-12-06T11:20:56.608Z" }
wheels = [
    { url = "https://files.pythonhosted.org/packages/0c/29/0348de65b8cc732daa3e33e67806420b2ae89bdce2b04af740289c5c6c8c/loguru-0.7.3-py3-none-any.whl", hash = "sha256:31a33c10c8e1e10422bfd431aeb5d351c7cf7fa671e3c4df004162264b28220c", size = 61595, upload-time = "2024-12-06T11:20:54.538Z" },
]

[[package]]
name = "numbers-parser"
version = "4.19.0"
source = { registry = "https://pypi.org/simple" }
dependencies = [
    { name = "compact-json" },
    { name = "enum-tools" },
    { name = "importlib-resources" },
    { name = "protobuf" },
    { name = "python-dateutil" },
    { name = "python-snappy" },
    { name = "setuptools" },
    { name = "sigfig" },
]
sdist = { url = "https://files.pythonhosted.org/packages/c0/1a/0fc46cde139e494119eaaa9cf309d8931da68458d5547ac7bc03ebf0357c/numbers_parser-4.19.0.tar.gz", hash = "sha256:8a0ba5f374b7a8822efee979837a2dd8f6d6e45062e74ddc90a2a9c9bdd47794", size = 337670, upload-time = "2026-07-31T14:18:27.431Z" }
wheels = [
    { url = "https://files.pythonhosted.org/packages/0b/fc/a84beb1e37454c5c29af4084f4b9f724a9c6e109a12337bb1df6d498fc8f/numbers_parser-4.19.0-py3-none-any.whl", hash = "sha256:775df068ff3bc14d643b15d54e2f85877020f9164de45a9ff4e021d19afa0d5d", size = 325977, upload-time = "2026-07-31T14:18:26.143Z" },
]

[[package]]
name = "protobuf"
version = "7.36.2"
source = { registry = "https://pypi.org/simple" }
sdist = { url = "https://files.pythonhosted.org/packages/d9/89/5b8517baa72f84a67b8a307ba953c91057af618bf40bf676f3c03551f8f0/protobuf-7.36.2.tar.gz", hash = "sha256:497d0463ff3316681da6c0b9e8d06cb465d61abce00b613ab42226175644d1bb", size = 512737, upload-time = "2026-09-17T20:07:59.326Z" }
wheels = [
    { url = "https://files.pythonhosted.org/packages/32/72/98342feb672507c8f3a69e34b4fa8961f608edba5c1a48a6f47156d92cb5/protobuf-7.36.2-cp310-abi3-macosx_10_9_universal2.whl", hash = "sha256:cbc70b17ee27e28894c7fee8bb04be1abead49e936bc70eb60052531eee2079e", size = 456039, upload-time = "2026-09-17T20:07:51.542Z" },
    { url = "https://files.pythonhosted.org/packages/b6/ea/91fdf7c2b8bbd49cde056f00a9df6773532987e1c00fe2830b895af95c7e/protobuf-7.36.2-cp310-abi3-manylinux2014_aarch64.whl", hash = "sha256:e11e1f0180583a2af89db6a2ecd9e8dc40aa6d2988ca175bfd0e6d12ea72d74e", size = 344219, upload-time = "2026-09-17T20:07:52.914Z" },
    { url = "https://files.pythonhosted.org/packages/17/ab/5fd5f8ece73fad885c5a09aa849b32d70472f954ba3a92d3bb5974ea953b/protobuf-7.36.2-cp310-abi3-manylinux2014_s390x.whl", hash = "sha256:f4fee11ec330d238b34a05c9b675f693c20415d1c5bd7d5320cc2f8a798eb9cf", size = 357223, upload-time = "2026-09-17T20:07:53.985Z" },
    { url = "https://files.pythonhosted.org/packages/db/f3/3996583dd2906297a637af12114deddf7658af6e683fedb83be061983fb5/protobuf-7.36.2-cp310-abi3-manylinux2014_x86_64.whl", hash = "sha256:89f23aa53c24553a2416fd4fd1ec06f74fa42b14b546d8883128813f775bbfd2", size = 343223, upload-time = "2026-09-17T20:07:54.931Z" },
    { url = "https://files.pythonhosted.org/packages/fc/1b/dcc64f358fcb51811b58ae40b3d28f820725f116d86487cc20bd4b130701/protobuf-7.36.2-cp310-abi3-win32.whl", hash = "sha256:912c1221170e16c08d1f086762f563dd61ff83c18b5fa6652952dfaded66f728", size = 442998, upload-time = "2026-09-17T20:07:55.826Z" },
    { url = "https://files.pythonhosted.org/packages/8a/55/b77bda4e5e5f5971fb51b07663694690e9afdb9402136c16a522bd621cad/protobuf-7.36.2-cp310-abi3-win_amd64.whl", hash = "sha256:a300819d441e078a5608c0d3c709796bb548136058fda017ae51d425b44fd353", size = 456514, upload-time = "2026-09-17T20:07:57.188Z" },
    { url = "https://files.pythonhosted.org/packages/e4/04/d52c7016b04b6c5108f26691f9d33ec82a9b65d041f1a9c771137693d618/protobuf-7.36.2-py3-none-any.whl", hash = "sha256:bdb3a345d48db958e6ce1f18e508beb0cc981d64f24088427549c866cd039f1e", size = 179806, upload-time = "2026-09-17T20:07:58.211Z" },
]

[[package]]
name = "pygments"
version = "2.21.0"
source = { registry = "https://pypi.org/simple" }
sdist = { url = "https://files.pythonhosted.org/packages/49/2e/ced460408999b33da6b31b0021b0f37d329e202d4169aeb164493778f25b/pygments-2.21.0.tar.gz", hash = "sha256:610ca751c9bc2492b38eb9a38a7fbc93edbbb2d7182edaf34e66ae493dee5c8c", size = 5005329, upload-time = "2026-08-17T08:02:48.824Z" }
wheels = [
    { url = "https://files.pythonhosted.org/packages/71/46/17f022dd3e953bf20a04a028a21ec746d942f8d2af30fa0f124fa0e6a684/pygments-2.21.0-py3-none-any.whl", hash = "sha256:2363c69b61c4a97c838da3b130dcd6468f4848992b21a82f2a63ec34377137d9", size = 1250147, upload-time = "2026-08-17T08:02:44.912Z" },
]

[[package]]
name = "python-dateutil"
version = "2.9.0.post0"
source = { registry = "https://pypi.org/simple" }
dependencies = [
    { name = "six" },
]
sdist = { url = "https://files.pythonhosted.org/packages/66/c0/0c8b6ad9f17a802ee498c46e004a0eb49bc148f2fd230864601a86dcf6db/python-dateutil-2.9.0.post0.tar.gz", hash = "sha256:37dd54208da7e1cd875388217d5e00ebd4179249f90fb72437e91a35459a0ad3", size = 342432, upload-time = "2024-03-01T18:36:20.211Z" }
wheels = [
    { url = "https://files.pythonhosted.org/packages/ec/57/56b9bcc3c9c6a792fcbaf139543cee77261f3651ca9da0c93f5c1221264b/python_dateutil-2.9.0.post0-py2.py3-none-any.whl", hash = "sha256:a8b2bc7bffae282281c8140a97d3aa9c14da0b136dfe83f850eea9a5f7470427", size = 229892, upload-time = "2024-03-01T18:36:18.57Z" },
]

[[package]]
name = "python-snappy"
version = "0.7.3"
source = { registry = "https://pypi.org/simple" }
dependencies = [
    { name = "cramjam" },
]
sdist = { url = "https://files.pythonhosted.org/packages/39/66/9185fbb6605ba92716d9f77fbb13c97eb671cd13c3ad56bd154016fbf08b/python_snappy-0.7.3.tar.gz", hash = "sha256:40216c1badfb2d38ac781ecb162a1d0ec40f8ee9747e610bcfefdfa79486cee3", size = 9337, upload-time = "2024-08-29T13:16:05.705Z" }
wheels = [
    { url = "https://files.pythonhosted.org/packages/86/c1/0ee413ddd639aebf22c85d6db39f136ccc10e6a4b4dd275a92b5c839de8d/python_snappy-0.7.3-py3-none-any.whl", hash = "sha256:074c0636cfcd97e7251330f428064050ac81a52c62ed884fc2ddebbb60ed7f50", size = 9155, upload-time = "2024-08-29T13:16:04.773Z" },
]

[[package]]
name = "setuptools"
version = "84.0.0"
source = { registry = "https://pypi.org/simple" }
sdist = { url = "https://files.pythonhosted.org/packages/6d/44/f5da03a8ef95d369145c5bb53050e7877c9f3d312e128605fd9504829143/setuptools-84.0.0.tar.gz", hash = "sha256:f4695c21257f0d9b537ec2692c941d02ee143b7cc1276941349a546573b2ef73", size = 1168449, upload-time = "2026-08-08T18:27:58.365Z" }
wheels = [
    { url = "https://files.pythonhosted.org/packages/95/9c/c510029fc6ef33a6275cd2c5d3cecd6613dfd6aa401d57c54f1c18852ccf/setuptools-84.0.0-py3-none-any.whl", hash = "sha256:51a52592b3b99e102b609654876bd65f19f999935166d1352678931132b0c670", size = 818216, upload-time = "2026-08-08T18:27:56.719Z" },
]

[[package]]
name = "sigfig"
version = "1.4.0"
source = { registry = "https://pypi.org/simple" }
sdist = { url = "https://files.pythonhosted.org/packages/a0/c6/7e95274893ed7d3feebcac579118adf261cc8131c229894728a8a836f7cd/sigfig-1.4.0.tar.gz", hash = "sha256:ea818f83bffa2ee4d1dce7d4afcfddc03a9214b8aa952be4ad47b4996eba8e70", size = 15054, upload-time = "2026-09-18T22:14:54.202Z" }
wheels = [
    { url = "https://files.pythonhosted.org/packages/c0/93/fbe36f913998a5cca35faa4745a14da772d447b232e45537890aa239c9f5/sigfig-1.4.0-py3-none-any.whl", hash = "sha256:e83b34779a66b492067a2fff63532c810dc5e68184ae8d98b666fad4397d2823", size = 10859, upload-time = "2026-09-18T22:14:53.026Z" },
]

[[package]]
name = "six"
version = "1.17.0"
source = { registry = "https://pypi.org/simple" }
sdist = { url = "https://files.pythonhosted.org/packages/94/e7/b2c673351809dca68a0e064b6af791aa332cf192da575fd474ed7d6f16a2/six-1.17.0.tar.gz", hash = "sha256:ff70335d468e7eb6ec65b95b99d3a2836546063f63acc5171de367e834932a81", size = 34031, upload-time = "2024-12-04T17:35:28.174Z" }
wheels = [
    { url = "https://files.pythonhosted.org/packages/b7/ce/149a00dd41f10bc29e5921b496af8b574d8413afcd5e30dfa0ed46c2cc5e/six-1.17.0-py2.py3-none-any.whl", hash = "sha256:4721f391ed90541fddacab5acf947aa0d3dc7d27b2e1e8eda2be8970586c3274", size = 11050, upload-time = "2024-12-04T17:35:26.475Z" },
]

[[package]]
name = "typing-extensions"
version = "4.16.0"
source = { registry = "https://pypi.org/simple" }
sdist = { url = "https://files.pythonhosted.org/packages/f6/cc/6253133b5bb138fc3306cebfbda2c520f545d36b5be2c7255cc528bb45d6/typing_extensions-4.16.0.tar.gz", hash = "sha256:dc983d19a509c94dba722ee6abd33940f7c05a89e243c47e907eb4db6f1a43e5", size = 113555, upload-time = "2026-07-02T08:40:05.92Z" }
wheels = [
    { url = "https://files.pythonhosted.org/packages/49/d3/b8441a820a491ddfc024b0b0cf0393375b75ea13866d9c66727e54c2fc80/typing_extensions-4.16.0-py3-none-any.whl", hash = "sha256:481caa481374e813c1b176ada14e97f1f67a4539ce9cfeb3f350d78d6370c2e8", size = 45571, upload-time = "2026-07-02T08:40:04.659Z" },
]

[[package]]
name = "wcwidth"
version = "0.8.4"
source = { registry = "https://pypi.org/simple" }
sdist = { url = "https://files.pythonhosted.org/packages/3d/7a/f98d4ada7c499565ab0c0fcef28a4e54fafa72b8228a6309803c80493c92/wcwidth-0.8.4.tar.gz", hash = "sha256:2dae09efa25253ae2874188e86d6861af3b1652aef4118cdf3f0bda288a957fb", size = 414609, upload-time = "2026-09-17T23:31:45.287Z" }
wheels = [
    { url = "https://files.pythonhosted.org/packages/39/cc/9c0adc5861020de426ec71716b6c1bef8d90694b7d6d0a16202cdb1647f5/wcwidth-0.8.4-py3-none-any.whl", hash = "sha256:2097bb1d28a0ba8fe177c2eb607317f9b1627b03f33ebebfd3da670b337a65ba", size = 299474, upload-time = "2026-09-17T23:31:43.816Z" },
]

[[package]]
name = "win32-setctime"
version = "1.2.0"
source = { registry = "https://pypi.org/simple" }
sdist = { url = "https://files.pythonhosted.org/packages/b3/8f/705086c9d734d3b663af0e9bb3d4de6578d08f46b1b101c2442fd9aecaa2/win32_setctime-1.2.0.tar.gz", hash = "sha256:ae1fdf948f5640aae05c511ade119313fb6a30d7eabe25fef9764dca5873c4c0", size = 4867, upload-time = "2024-12-07T15:28:28.314Z" }
wheels = [
    { url = "https://files.pythonhosted.org/packages/e1/07/c6fe3ad3e685340704d314d765b7912993bcb8dc198f0e7a89382d37974b/win32_setctime-1.2.0-py3-none-any.whl", hash = "sha256:95d644c4e708aba81dc3704a116d8cbc974d70b3bdb8be1d150e36be6e9d1390", size = 4083, upload-time = "2024-12-07T15:28:26.465Z" },
]
